
Microsoft Visual Studio Solution File, Format Version 12.00
# Visual Studio Version 17
VisualStudioVersion = 17.5.002.0
MinimumVisualStudioVersion = 10.0.40219.1
Project("{9A19103F-16F7-4668-BE54-9A1E7A4F7556}") = "DesafioPOO", "DesafioPOO.csproj", "{D96A1B2B-CCB2-42FE-8E5F-D8792FD2D116}"
EndProject
Global
	GlobalSection(SolutionConfigurationPlatforms) = preSolution
		Debug|Any CPU = Debug|Any CPU
		Release|Any CPU = Release|Any CPU
	EndGlobalSection
	GlobalSection(ProjectConfigurationPlatforms) = postSolution
		{D96A1B2B-CCB2-42FE-8E5F-D8792FD2D116}.Debug|Any CPU.ActiveCfg = Debug|Any CPU
		{D96A1B2B-CCB2-42FE-8E5F-D8792FD2D116}.Debug|Any CPU.Build.0 = Debug|Any CPU
		{D96A1B2B-CCB2-42FE-8E5F-D8792FD2D116}.Release|Any CPU.ActiveCfg = Release|Any CPU
		{D96A1B2B-CCB2-42FE-8E5F-D8792FD2D116}.Release|Any CPU.Build.0 = Release|Any CPU
	EndGlobalSection
	GlobalSection(SolutionProperties) = preSolution
		HideSolutionNode = FALSE
	EndGlobalSection
	GlobalSection(ExtensibilityGlobals) = postSolution
		SolutionGuid = {0E54B4AE-B70F-4C03-98E7-F5EFE04E5469}
	EndGlobalSection
EndGlobal
